
Microsoft Visual Studio Solution File, Format Version 12.00
# Visual Studio 15
VisualStudioVersion = 15.0.28307.271
MinimumVisualStudioVersion = 10.0.40219.1
Project("{FAE04EC0-301F-11D3-BF4B-00C04F79EFBC}") = "HerosAPI", "HerosAPI\HerosAPI.csproj", "{83FE79E6-77C2-410A-8888-5071E4996013}"
EndProject
Global
	GlobalSection(SolutionConfigurationPlatforms) = preSolution
		Debug|Any CPU = Debug|Any CPU
		Release|Any CPU = Release|Any CPU
	EndGlobalSection
	GlobalSection(ProjectConfigurationPlatforms) = postSolution
		{83FE79E6-77C2-410A-8888-5071E4996013}.Debug|Any CPU.ActiveCfg = Debug|Any CPU
		{83FE79E6-77C2-410A-8888-5071E4996013}.Debug|Any CPU.Build.0 = Debug|Any CPU
		{83FE79E6-77C2-410A-8888-5071E4996013}.Release|Any CPU.ActiveCfg = Release|Any CPU
		{83FE79E6-77C2-410A-8888-5071E4996013}.Release|Any CPU.Build.0 = Release|Any CPU
	EndGlobalSection
	GlobalSection(SolutionProperties) = preSolution
		HideSolutionNode = FALSE
	EndGlobalSection
	GlobalSection(ExtensibilityGlobals) = postSolution
		SolutionGuid = {E4C6947A-FB8D-4B5E-946B-AA79AED15767}
	EndGlobalSection
EndGlobal
